
Microsoft Visual Studio Solution File, Format Version 12.00
# Visual Studio 15
VisualStudioVersion = 15.0.28307.271
MinimumVisualStudioVersion = 10.0.40219.1
Project("{FAE04EC0-301F-11D3-BF4B-00C04F79EFBC}") = "FightsContest.Application", "FightsContest.Application\FightsContest.Application.csproj", "{AAAB55FD-6EE8-43F6-82C4-0E46FF2A2BF5}"
EndProject
Global
	GlobalSection(SolutionConfigurationPlatforms) = preSolution
		Debug|Any CPU = Debug|Any CPU
		Release|Any CPU = Release|Any CPU
	EndGlobalSection
	GlobalSection(ProjectConfigurationPlatforms) = postSolution
		{AAAB55FD-6EE8-43F6-82C4-0E46FF2A2BF5}.Debug|Any CPU.ActiveCfg = Debug|Any CPU
		{AAAB55FD-6EE8-43F6-82C4-0E46FF2A2BF5}.Debug|Any CPU.Build.0 = Debug|Any CPU
		{AAAB55FD-6EE8-43F6-82C4-0E46FF2A2BF5}.Release|Any CPU.ActiveCfg = Release|Any CPU
		{AAAB55FD-6EE8-43F6-82C4-0E46FF2A2BF5}.Release|Any CPU.Build.0 = Release|Any CPU
	EndGlobalSection
	GlobalSection(SolutionProperties) = preSolution
		HideSolutionNode = FALSE
	EndGlobalSection
	GlobalSection(ExtensibilityGlobals) = postSolution
		SolutionGuid = {9C6D9DC7-B656-4503-9843-1B06FE6171AE}
	EndGlobalSection
EndGlobal
